{
  "name": "shire",
  "requires": true,
  "lockfileVersion": 1,
  "dependencies": {
    "@babel/helper-module-imports": {
      "version": "7.7.0",
      "resolved": "https://registry.npmjs.org/@babel/helper-module-imports/-/helper-module-imports-7.7.0.tgz",
      "integrity": "sha512-Dv3hLKIC1jyfTkClvyEkYP2OlkzNvWs5+Q8WgPbxM5LMeorons7iPP91JM+DU7tRbhqA1ZeooPaMFvQrn23RHw==",
      "requires": {
        "@babel/types": "^7.7.0"
      }
    },
    "@babel/runtime": {
      "version": "7.6.3",
      "resolved": "https://registry.npmjs.org/@babel/runtime/-/runtime-7.6.3.tgz",
      "integrity": "sha512-kq6anf9JGjW8Nt5rYfEuGRaEAaH1mkv3Bbu6rYvLOpPh/RusSJXuKPEAoZ7L7gybZkchE8+NV5g9vKF4AGAtsA==",
      "requires": {
        "regenerator-runtime": "^0.13.2"
      }
    },
    "@babel/types": {
      "version": "7.7.1",
      "resolved": "https://registry.npmjs.org/@babel/types/-/types-7.7.1.tgz",
      "integrity": "sha512-kN/XdANDab9x1z5gcjDc9ePpxexkt+1EQ2MQUiM4XnMvQfvp87/+6kY4Ko2maLXH+tei/DgJ/ybFITeqqRwDiA==",
      "requires": {
        "esutils": "^2.0.2",
        "lodash": "^4.17.13",
        "to-fast-properties": "^2.0.0"
      }
    },
    "@types/prop-types": {
      "version": "15.7.3",
      "resolved": "https://registry.npmjs.org/@types/prop-types/-/prop-types-15.7.3.tgz",
      "integrity": "sha512-KfRL3PuHmqQLOG+2tGpRO26Ctg+Cq1E01D2DMriKEATHgWLfeNDmq9e29Q9WIky0dQ3NPkd1mzYH8Lm936Z9qw=="
    },
    "@types/react": {
      "version": "16.9.11",
      "resolved": "https://registry.npmjs.org/@types/react/-/react-16.9.11.tgz",
      "integrity": "sha512-UBT4GZ3PokTXSWmdgC/GeCGEJXE5ofWyibCcecRLUVN2ZBpXQGVgQGtG2foS7CrTKFKlQVVswLvf7Js6XA/CVQ==",
      "requires": {
        "@types/prop-types": "*",
        "csstype": "^2.2.0"
      }
    },
    "babel-plugin-reusable": {
      "version": "1.0.0-alpha.8",
      "resolved": "https://registry.npmjs.org/babel-plugin-reusable/-/babel-plugin-reusable-1.0.0-alpha.8.tgz",
      "integrity": "sha512-ZA6nE84eX+VT/T3Qym79jBTgRuPfYB3yREs+5jnIyY4RX56+ubQ5Mk0jFdd2rjFV6Zut7EjS13a3t+CXAeCzlg==",
      "requires": {
        "@babel/helper-module-imports": "^7.0.0"
      }
    },
    "csstype": {
      "version": "2.6.7",
      "resolved": "https://registry.npmjs.org/csstype/-/csstype-2.6.7.tgz",
      "integrity": "sha512-9Mcn9sFbGBAdmimWb2gLVDtFJzeKtDGIr76TUqmjZrw9LFXBMSU70lcs+C0/7fyCd6iBDqmksUcCOUIkisPHsQ=="
    },
    "d3-array": {
      "version": "1.2.4",
      "resolved": "https://registry.npmjs.org/d3-array/-/d3-array-1.2.4.tgz",
      "integrity": "sha512-KHW6M86R+FUPYGb3R5XiYjXPq7VzwxZ22buHhAEVG5ztoEcZZMLov530mmccaqA1GghZArjQV46fuc8kUqhhHw=="
    },
    "d3-collection": {
      "version": "1.0.7",
      "resolved": "https://registry.npmjs.org/d3-collection/-/d3-collection-1.0.7.tgz",
      "integrity": "sha512-ii0/r5f4sjKNTfh84Di+DpztYwqKhEyUlKoPrzUFfeSkWxjW49xU2QzO9qrPrNkpdI0XJkfzvmTu8V2Zylln6A=="
    },
    "d3-color": {
      "version": "1.4.0",
      "resolved": "https://registry.npmjs.org/d3-color/-/d3-color-1.4.0.tgz",
      "integrity": "sha512-TzNPeJy2+iEepfiL92LAAB7fvnp/dV2YwANPVHdDWmYMm23qIJBYww3qT8I8C1wXrmrg4UWs7BKc2tKIgyjzHg=="
    },
    "d3-ease": {
      "version": "1.0.5",
      "resolved": "https://registry.npmjs.org/d3-ease/-/d3-ease-1.0.5.tgz",
      "integrity": "sha512-Ct1O//ly5y5lFM9YTdu+ygq7LleSgSE4oj7vUt9tPLHUi8VCV7QoizGpdWRWAwCO9LdYzIrQDg97+hGVdsSGPQ=="
    },
    "d3-format": {
      "version": "1.4.1",
      "resolved": "https://registry.npmjs.org/d3-format/-/d3-format-1.4.1.tgz",
      "integrity": "sha512-TUswGe6hfguUX1CtKxyG2nymO+1lyThbkS1ifLX0Sr+dOQtAD5gkrffpHnx+yHNKUZ0Bmg5T4AjUQwugPDrm0g=="
    },
    "d3-interpolate": {
      "version": "1.3.2",
      "resolved": "https://registry.npmjs.org/d3-interpolate/-/d3-interpolate-1.3.2.tgz",
      "integrity": "sha512-NlNKGopqaz9qM1PXh9gBF1KSCVh+jSFErrSlD/4hybwoNX/gt1d8CDbDW+3i+5UOHhjC6s6nMvRxcuoMVNgL2w==",
      "requires": {
        "d3-color": "1"
      }
    },
    "d3-path": {
      "version": "1.0.8",
      "resolved": "https://registry.npmjs.org/d3-path/-/d3-path-1.0.8.tgz",
      "integrity": "sha512-J6EfUNwcMQ+aM5YPOB8ZbgAZu6wc82f/0WFxrxwV6Ll8wBwLaHLKCqQ5Imub02JriCVVdPjgI+6P3a4EWJCxAg=="
    },
    "d3-scale": {
      "version": "1.0.7",
      "resolved": "https://registry.npmjs.org/d3-scale/-/d3-scale-1.0.7.tgz",
      "integrity": "sha512-KvU92czp2/qse5tUfGms6Kjig0AhHOwkzXG0+PqIJB3ke0WUv088AHMZI0OssO9NCkXt4RP8yju9rpH8aGB7Lw==",
      "requires": {
        "d3-array": "^1.2.0",
        "d3-collection": "1",
        "d3-color": "1",
        "d3-format": "1",
        "d3-interpolate": "1",
        "d3-time": "1",
        "d3-time-format": "2"
      }
    },
    "d3-shape": {
      "version": "1.3.5",
      "resolved": "https://registry.npmjs.org/d3-shape/-/d3-shape-1.3.5.tgz",
      "integrity": "sha512-VKazVR3phgD+MUCldapHD7P9kcrvPcexeX/PkMJmkUov4JM8IxsSg1DvbYoYich9AtdTsa5nNk2++ImPiDiSxg==",
      "requires": {
        "d3-path": "1"
      }
    },
    "d3-time": {
      "version": "1.1.0",
      "resolved": "https://registry.npmjs.org/d3-time/-/d3-time-1.1.0.tgz",
      "integrity": "sha512-Xh0isrZ5rPYYdqhAVk8VLnMEidhz5aP7htAADH6MfzgmmicPkTo8LhkLxci61/lCB7n7UmE3bN0leRt+qvkLxA=="
    },
    "d3-time-format": {
      "version": "2.2.1",
      "resolved": "https://registry.npmjs.org/d3-time-format/-/d3-time-format-2.2.1.tgz",
      "integrity": "sha512-VA6WqORO1+H1SvSzgl2oT0z3niANh3opa8Cencpen1LFthw/bEX71R/DgjPlWw78J4UHmD0jCPP1W0HpwMkhjg==",
      "requires": {
        "d3-time": "1"
      }
    },
    "d3-timer": {
      "version": "1.0.9",
      "resolved": "https://registry.npmjs.org/d3-timer/-/d3-timer-1.0.9.tgz",
      "integrity": "sha512-rT34J5HnQUHhcLvhSB9GjCkN0Ddd5Y8nCwDBG2u6wQEeYxT/Lf51fTFFkldeib/sE/J0clIe0pnCfs6g/lRbyg=="
    },
    "d3-voronoi": {
      "version": "1.1.4",
      "resolved": "https://registry.npmjs.org/d3-voronoi/-/d3-voronoi-1.1.4.tgz",
      "integrity": "sha512-dArJ32hchFsrQ8uMiTBLq256MpnZjeuBtdHpaDlYuQyjU0CVzCJl/BVW+SkszaAeH95D/8gxqAhgx0ouAWAfRg=="
    },
    "delaunator": {
      "version": "4.0.1",
      "resolved": "https://registry.npmjs.org/delaunator/-/delaunator-4.0.1.tgz",
      "integrity": "sha512-WNPWi1IRKZfCt/qIDMfERkDp93+iZEmOxN2yy4Jg+Xhv8SLk2UTqqbe1sfiipn0and9QrE914/ihdx82Y/Giag=="
    },
    "delaunay-find": {
      "version": "0.0.5",
      "resolved": "https://registry.npmjs.org/delaunay-find/-/delaunay-find-0.0.5.tgz",
      "integrity": "sha512-7yAJ/wmKWj3SgqjtkGqT/RCwI0HWAo5YnHMoF5nYXD8cdci+YSo23iPmgrZUNOpDxRWN91PqxUvMMr2lKpjr+w==",
      "requires": {
        "delaunator": "^4.0.0"
      }
    },
    "esutils": {
      "version": "2.0.3",
      "resolved": "https://registry.npmjs.org/esutils/-/esutils-2.0.3.tgz",
      "integrity": "sha512-kVscqXk4OCp68SZ0dkgEKVi6/8ij300KBWTJq32P/dYeWTSwK41WyTxalN1eRmA5Z9UU/LX9D7FWSmV9SAYx6g=="
    },
    "gud": {
      "version": "1.0.0",
      "resolved": "https://registry.npmjs.org/gud/-/gud-1.0.0.tgz",
      "integrity": "sha512-zGEOVKFM5sVPPrYs7J5/hYEw2Pof8KCyOwyhG8sAF26mCAeUFAcYPu1mwB7hhpIP29zOIBaDqwuHdLp0jvZXjw=="
    },
    "history": {
      "version": "4.10.1",
      "resolved": "https://registry.npmjs.org/history/-/history-4.10.1.tgz",
      "integrity": "sha512-36nwAD620w12kuzPAsyINPWJqlNbij+hpK1k9XRloDtym8mxzGYl2c17LnV6IAGB2Dmg4tEa7G7DlawS0+qjew==",
      "requires": {
        "@babel/runtime": "^7.1.2",
        "loose-envify": "^1.2.0",
        "resolve-pathname": "^3.0.0",
        "tiny-invariant": "^1.0.2",
        "tiny-warning": "^1.0.0",
        "value-equal": "^1.0.1"
      }
    },
    "hoist-non-react-statics": {
      "version": "3.3.0",
      "resolved": "https://registry.npmjs.org/hoist-non-react-statics/-/hoist-non-react-statics-3.3.0.tgz",
      "integrity": "sha512-0XsbTXxgiaCDYDIWFcwkmerZPSwywfUqYmwT4jzewKTQSWoE6FCMoUVOeBJWK3E/CrWbxRG3m5GzY4lnIwGRBA==",
      "requires": {
        "react-is": "^16.7.0"
      }
    },
    "isarray": {
      "version": "0.0.1",
      "resolved": "https://registry.npmjs.org/isarray/-/isarray-0.0.1.tgz",
      "integrity": "sha1-ihis/Kmo9Bd+Cav8YDiTmwXR7t8="
    },
    "js-tokens": {
      "version": "4.0.0",
      "resolved": "https://registry.npmjs.org/js-tokens/-/js-tokens-4.0.0.tgz",
      "integrity": "sha512-RdJUflcE3cUzKiMqQgsCu06FPu9UdIJO0beYbPhHN4k6apgJtifcoCtT9bcxOpYBtpD2kCM6Sbzg4CausW/PKQ=="
    },
    "lodash": {
      "version": "4.17.21",
      "resolved": "https://registry.npmjs.org/lodash/-/lodash-4.17.21.tgz",
      "integrity": "sha512-v2kDEe57lecTulaDIuNTPy3Ry4gLGJ6Z1O3vE1krgXZNrsQ+LFTGHVxVjcXPs17LhbZVGedAJv8XZ1tvj5FvSg=="
    },
    "loose-envify": {
      "version": "1.4.0",
      "resolved": "https://registry.npmjs.org/loose-envify/-/loose-envify-1.4.0.tgz",
      "integrity": "sha512-lyuxPGr/Wfhrlem2CL/UcnUc1zcqKAImBDzukY7Y5F/yQiNdko6+fRLevlw1HgMySw7f611UIY408EtxRSoK3Q==",
      "requires": {
        "js-tokens": "^3.0.0 || ^4.0.0"
      }
    },
    "meteor-node-stubs": {
      "version": "0.4.1",
      "resolved": "https://registry.npmjs.org/meteor-node-stubs/-/meteor-node-stubs-0.4.1.tgz",
      "integrity": "sha512-UO2OStvLOKoApmOdIP5eCqoLaa/ritMXRg4ffJVdkNLEsczzPvTjgC0Mxk4cM4R8MZkwll90FYgjDf5qUTJdMA==",
      "requires": {
        "assert": "^1.4.1",
        "browserify-zlib": "^0.1.4",
        "buffer": "^4.9.1",
        "console-browserify": "^1.1.0",
        "constants-browserify": "^1.0.0",
        "crypto-browserify": "^3.11.0",
        "domain-browser": "^1.1.7",
        "events": "^1.1.1",
        "https-browserify": "0.0.1",
        "os-browserify": "^0.2.1",
        "path-browserify": "0.0.0",
        "process": "^0.11.9",
        "punycode": "^1.4.1",
        "querystring-es3": "^0.2.1",
        "readable-stream": "^2.3.6",
        "stream-browserify": "^2.0.1",
        "stream-http": "^2.8.0",
        "string_decoder": "^1.1.0",
        "timers-browserify": "^1.4.2",
        "tty-browserify": "0.0.0",
        "url": "^0.11.0",
        "util": "^0.10.3",
        "vm-browserify": "0.0.4"
      },
      "dependencies": {
        "asn1.js": {
          "version": "4.10.1",
          "bundled": true,
          "requires": {
            "bn.js": "^4.0.0",
            "inherits": "^2.0.1",
            "minimalistic-assert": "^1.0.0"
          }
        },
        "assert": {
          "version": "1.4.1",
          "bundled": true,
          "requires": {
            "util": "0.10.3"
          }
        },
        "base64-js": {
          "version": "1.3.0",
          "bundled": true
        },
        "bn.js": {
          "version": "4.11.8",
          "bundled": true
        },
        "brorand": {
          "version": "1.1.0",
          "bundled": true
        },
        "browserify-aes": {
          "version": "1.2.0",
          "bundled": true,
          "requires": {
            "buffer-xor": "^1.0.3",
            "cipher-base": "^1.0.0",
            "create-hash": "^1.1.0",
            "evp_bytestokey": "^1.0.3",
            "inherits": "^2.0.1",
            "safe-buffer": "^5.0.1"
          }
        },
        "browserify-cipher": {
          "version": "1.0.1",
          "bundled": true,
          "requires": {
            "browserify-aes": "^1.0.4",
            "browserify-des": "^1.0.0",
            "evp_bytestokey": "^1.0.0"
          }
        },
        "browserify-des": {
          "version": "1.0.1",
          "bundled": true,
          "requires": {
            "cipher-base": "^1.0.1",
            "des.js": "^1.0.0",
            "inherits": "^2.0.1"
          }
        },
        "browserify-rsa": {
          "version": "4.0.1",
          "bundled": true,
          "requires": {
            "bn.js": "^4.1.0",
            "randombytes": "^2.0.1"
          }
        },
        "browserify-sign": {
          "version": "4.0.4",
          "bundled": true,
          "requires": {
            "bn.js": "^4.1.1",
            "browserify-rsa": "^4.0.0",
            "create-hash": "^1.1.0",
            "create-hmac": "^1.1.2",
            "elliptic": "^6.0.0",
            "inherits": "^2.0.1",
            "parse-asn1": "^5.0.0"
          }
        },
        "browserify-zlib": {
          "version": "0.1.4",
          "bundled": true,
          "requires": {
            "pako": "~0.2.0"
          }
        },
        "buffer": {
          "version": "4.9.1",
          "bundled": true,
          "requires": {
            "base64-js": "^1.0.2",
            "ieee754": "^1.1.4",
            "isarray": "^1.0.0"
          }
        },
        "buffer-xor": {
          "version": "1.0.3",
          "bundled": true
        },
        "builtin-status-codes": {
          "version": "3.0.0",
          "bundled": true
        },
        "cipher-base": {
          "version": "1.0.4",
          "bundled": true,
          "requires": {
            "inherits": "^2.0.1",
            "safe-buffer": "^5.0.1"
          }
        },
        "console-browserify": {
          "version": "1.1.0",
          "bundled": true,
          "requires": {
            "date-now": "^0.1.4"
          }
        },
        "constants-browserify": {
          "version": "1.0.0",
          "bundled": true
        },
        "core-util-is": {
          "version": "1.0.2",
          "bundled": true
        },
        "create-ecdh": {
          "version": "4.0.3",
          "bundled": true,
          "requires": {
            "bn.js": "^4.1.0",
            "elliptic": "^6.0.0"
          }
        },
        "create-hash": {
          "version": "1.2.0",
          "bundled": true,
          "requires": {
            "cipher-base": "^1.0.1",
            "inherits": "^2.0.1",
            "md5.js": "^1.3.4",
            "ripemd160": "^2.0.1",
            "sha.js": "^2.4.0"
          }
        },
        "create-hmac": {
          "version": "1.1.7",
          "bundled": true,
          "requires": {
            "cipher-base": "^1.0.3",
            "create-hash": "^1.1.0",
            "inherits": "^2.0.1",
            "ripemd160": "^2.0.0",
            "safe-buffer": "^5.0.1",
            "sha.js": "^2.4.8"
          }
        },
        "crypto-browserify": {
          "version": "3.12.0",
          "bundled": true,
          "requires": {
            "browserify-cipher": "^1.0.0",
            "browserify-sign": "^4.0.0",
            "create-ecdh": "^4.0.0",
            "create-hash": "^1.1.0",
            "create-hmac": "^1.1.0",
            "diffie-hellman": "^5.0.0",
            "inherits": "^2.0.1",
            "pbkdf2": "^3.0.3",
            "public-encrypt": "^4.0.0",
            "randombytes": "^2.0.0",
            "randomfill": "^1.0.3"
          }
        },
        "date-now": {
          "version": "0.1.4",
          "bundled": true
        },
        "des.js": {
          "version": "1.0.0",
          "bundled": true,
          "requires": {
            "inherits": "^2.0.1",
            "minimalistic-assert": "^1.0.0"
          }
        },
        "diffie-hellman": {
          "version": "5.0.3",
          "bundled": true,
          "requires": {
            "bn.js": "^4.1.0",
            "miller-rabin": "^4.0.0",
            "randombytes": "^2.0.0"
          }
        },
        "domain-browser": {
          "version": "1.2.0",
          "bundled": true
        },
        "elliptic": {
          "version": "6.4.0",
          "bundled": true,
          "requires": {
            "bn.js": "^4.4.0",
            "brorand": "^1.0.1",
            "hash.js": "^1.0.0",
            "hmac-drbg": "^1.0.0",
            "inherits": "^2.0.1",
            "minimalistic-assert": "^1.0.0",
            "minimalistic-crypto-utils": "^1.0.0"
          }
        },
        "events": {
          "version": "1.1.1",
          "bundled": true
        },
        "evp_bytestokey": {
          "version": "1.0.3",
          "bundled": true,
          "requires": {
            "md5.js": "^1.3.4",
            "safe-buffer": "^5.1.1"
          }
        },
        "hash-base": {
          "version": "3.0.4",
          "bundled": true,
          "requires": {
            "inherits": "^2.0.1",
            "safe-buffer": "^5.0.1"
          }
        },
        "hash.js": {
          "version": "1.1.3",
          "bundled": true,
          "requires": {
            "inherits": "^2.0.3",
            "minimalistic-assert": "^1.0.0"
          },
          "dependencies": {
            "inherits": {
              "version": "2.0.3",
              "bundled": true
            }
          }
        },
        "hmac-drbg": {
          "version": "1.0.1",
          "bundled": true,
          "requires": {
            "hash.js": "^1.0.3",
            "minimalistic-assert": "^1.0.0",
            "minimalistic-crypto-utils": "^1.0.1"
          }
        },
        "https-browserify": {
          "version": "0.0.1",
          "bundled": true
        },
        "ieee754": {
          "version": "1.1.11",
          "bundled": true
        },
        "indexof": {
          "version": "0.0.1",
          "bundled": true
        },
        "inherits": {
          "version": "2.0.1",
          "bundled": true
        },
        "isarray": {
          "version": "1.0.0",
          "bundled": true
        },
        "md5.js": {
          "version": "1.3.4",
          "bundled": true,
          "requires": {
            "hash-base": "^3.0.0",
            "inherits": "^2.0.1"
          }
        },
        "miller-rabin": {
          "version": "4.0.1",
          "bundled": true,
          "requires": {
            "bn.js": "^4.0.0",
            "brorand": "^1.0.1"
          }
        },
        "minimalistic-assert": {
          "version": "1.0.1",
          "bundled": true
        },
        "minimalistic-crypto-utils": {
          "version": "1.0.1",
          "bundled": true
        },
        "os-browserify": {
          "version": "0.2.1",
          "bundled": true
        },
        "pako": {
          "version": "0.2.9",
          "bundled": true
        },
        "parse-asn1": {
          "version": "5.1.1",
          "bundled": true,
          "requires": {
            "asn1.js": "^4.0.0",
            "browserify-aes": "^1.0.0",
            "create-hash": "^1.1.0",
            "evp_bytestokey": "^1.0.0",
            "pbkdf2": "^3.0.3"
          }
        },
        "path-browserify": {
          "version": "0.0.0",
          "bundled": true
        },
        "pbkdf2": {
          "version": "3.0.16",
          "bundled": true,
          "requires": {
            "create-hash": "^1.1.2",
            "create-hmac": "^1.1.4",
            "ripemd160": "^2.0.1",
            "safe-buffer": "^5.0.1",
            "sha.js": "^2.4.8"
          }
        },
        "process": {
          "version": "0.11.10",
          "bundled": true
        },
        "process-nextick-args": {
          "version": "2.0.0",
          "bundled": true
        },
        "public-encrypt": {
          "version": "4.0.2",
          "bundled": true,
          "requires": {
            "bn.js": "^4.1.0",
            "browserify-rsa": "^4.0.0",
            "create-hash": "^1.1.0",
            "parse-asn1": "^5.0.0",
            "randombytes": "^2.0.1"
          }
        },
        "punycode": {
          "version": "1.4.1",
          "bundled": true
        },
        "querystring": {
          "version": "0.2.0",
          "bundled": true
        },
        "querystring-es3": {
          "version": "0.2.1",
          "bundled": true
        },
        "randombytes": {
          "version": "2.0.6",
          "bundled": true,
          "requires": {
            "safe-buffer": "^5.1.0"
          }
        },
        "randomfill": {
          "version": "1.0.4",
          "bundled": true,
          "requires": {
            "randombytes": "^2.0.5",
            "safe-buffer": "^5.1.0"
          }
        },
        "readable-stream": {
          "version": "2.3.6",
          "bundled": true,
          "requires": {
            "core-util-is": "~1.0.0",
            "inherits": "~2.0.3",
            "isarray": "~1.0.0",
            "process-nextick-args": "~2.0.0",
            "safe-buffer": "~5.1.1",
            "string_decoder": "~1.1.1",
            "util-deprecate": "~1.0.1"
          },
          "dependencies": {
            "inherits": {
              "version": "2.0.3",
              "bundled": true
            }
          }
        },
        "ripemd160": {
          "version": "2.0.2",
          "bundled": true,
          "requires": {
            "hash-base": "^3.0.0",
            "inherits": "^2.0.1"
          }
        },
        "safe-buffer": {
          "version": "5.1.2",
          "bundled": true
        },
        "sha.js": {
          "version": "2.4.11",
          "bundled": true,
          "requires": {
            "inherits": "^2.0.1",
            "safe-buffer": "^5.0.1"
          }
        },
        "stream-browserify": {
          "version": "2.0.1",
          "bundled": true,
          "requires": {
            "inherits": "~2.0.1",
            "readable-stream": "^2.0.2"
          }
        },
        "stream-http": {
          "version": "2.8.1",
          "bundled": true,
          "requires": {
            "builtin-status-codes": "^3.0.0",
            "inherits": "^2.0.1",
            "readable-stream": "^2.3.3",
            "to-arraybuffer": "^1.0.0",
            "xtend": "^4.0.0"
          }
        },
        "string_decoder": {
          "version": "1.1.1",
          "bundled": true,
          "requires": {
            "safe-buffer": "~5.1.0"
          }
        },
        "timers-browserify": {
          "version": "1.4.2",
          "bundled": true,
          "requires": {
            "process": "~0.11.0"
          }
        },
        "to-arraybuffer": {
          "version": "1.0.1",
          "bundled": true
        },
        "tty-browserify": {
          "version": "0.0.0",
          "bundled": true
        },
        "url": {
          "version": "0.11.0",
          "bundled": true,
          "requires": {
            "punycode": "1.3.2",
            "querystring": "0.2.0"
          },
          "dependencies": {
            "punycode": {
              "version": "1.3.2",
              "bundled": true
            }
          }
        },
        "util": {
          "version": "0.10.3",
          "bundled": true,
          "requires": {
            "inherits": "2.0.1"
          }
        },
        "util-deprecate": {
          "version": "1.0.2",
          "bundled": true
        },
        "vm-browserify": {
          "version": "0.0.4",
          "bundled": true,
          "requires": {
            "indexof": "0.0.1"
          }
        },
        "xtend": {
          "version": "4.0.1",
          "bundled": true
        }
      }
    },
    "mini-create-react-context": {
      "version": "0.3.2",
      "resolved": "https://registry.npmjs.org/mini-create-react-context/-/mini-create-react-context-0.3.2.tgz",
      "integrity": "sha512-2v+OeetEyliMt5VHMXsBhABoJ0/M4RCe7fatd/fBy6SMiKazUSEt3gxxypfnk2SHMkdBYvorHRoQxuGoiwbzAw==",
      "requires": {
        "@babel/runtime": "^7.4.0",
        "gud": "^1.0.0",
        "tiny-warning": "^1.0.2"
      }
    },
    "object-assign": {
      "version": "4.1.1",
      "resolved": "https://registry.npmjs.org/object-assign/-/object-assign-4.1.1.tgz",
      "integrity": "sha1-IQmtx5ZYh8/AXLvUQsrIv7s2CGM="
    },
    "path-to-regexp": {
      "version": "1.7.0",
      "resolved": "https://registry.npmjs.org/path-to-regexp/-/path-to-regexp-1.7.0.tgz",
      "integrity": "sha1-Wf3g9DW62suhA6hOnTvGTpa5k30=",
      "requires": {
        "isarray": "0.0.1"
      }
    },
    "prop-types": {
      "version": "15.7.2",
      "resolved": "https://registry.npmjs.org/prop-types/-/prop-types-15.7.2.tgz",
      "integrity": "sha512-8QQikdH7//R2vurIJSutZ1smHYTcLpRWEOlHnzcWHmBYrOGUysKwSsrC89BCiFj3CbrfJ/nXFdJepOVrY1GCHQ==",
      "requires": {
        "loose-envify": "^1.4.0",
        "object-assign": "^4.1.1",
        "react-is": "^16.8.1"
      }
    },
    "react": {
      "version": "16.11.0",
      "resolved": "https://registry.npmjs.org/react/-/react-16.11.0.tgz",
      "integrity": "sha512-M5Y8yITaLmU0ynd0r1Yvfq98Rmll6q8AxaEe88c8e7LxO8fZ2cNgmFt0aGAS9wzf1Ao32NKXtCl+/tVVtkxq6g==",
      "requires": {
        "loose-envify": "^1.1.0",
        "object-assign": "^4.1.1",
        "prop-types": "^15.6.2"
      }
    },
    "react-dom": {
      "version": "16.11.0",
      "resolved": "https://registry.npmjs.org/react-dom/-/react-dom-16.11.0.tgz",
      "integrity": "sha512-nrRyIUE1e7j8PaXSPtyRKtz+2y9ubW/ghNgqKFHHAHaeP0fpF5uXR+sq8IMRHC+ZUxw7W9NyCDTBtwWxvkb0iA==",
      "requires": {
        "loose-envify": "^1.1.0",
        "object-assign": "^4.1.1",
        "prop-types": "^15.6.2",
        "scheduler": "^0.17.0"
      }
    },
    "react-fast-compare": {
      "version": "2.0.4",
      "resolved": "https://registry.npmjs.org/react-fast-compare/-/react-fast-compare-2.0.4.tgz",
      "integrity": "sha512-suNP+J1VU1MWFKcyt7RtjiSWUjvidmQSlqu+eHslq+342xCbGTYmC0mEhPCOHxlW0CywylOC1u2DFAT+bv4dBw=="
    },
    "react-is": {
      "version": "16.11.0",
      "resolved": "https://registry.npmjs.org/react-is/-/react-is-16.11.0.tgz",
      "integrity": "sha512-gbBVYR2p8mnriqAwWx9LbuUrShnAuSCNnuPGyc7GJrMVQtPDAh8iLpv7FRuMPFb56KkaVZIYSz1PrjI9q0QPCw=="
    },
    "react-router": {
      "version": "5.1.2",
      "resolved": "https://registry.npmjs.org/react-router/-/react-router-5.1.2.tgz",
      "integrity": "sha512-yjEuMFy1ONK246B+rsa0cUam5OeAQ8pyclRDgpxuSCrAlJ1qN9uZ5IgyKC7gQg0w8OM50NXHEegPh/ks9YuR2A==",
      "requires": {
        "@babel/runtime": "^7.1.2",
        "history": "^4.9.0",
        "hoist-non-react-statics": "^3.1.0",
        "loose-envify": "^1.3.1",
        "mini-create-react-context": "^0.3.0",
        "path-to-regexp": "^1.7.0",
        "prop-types": "^15.6.2",
        "react-is": "^16.6.0",
        "tiny-invariant": "^1.0.2",
        "tiny-warning": "^1.0.0"
      }
    },
    "react-router-dom": {
      "version": "5.1.2",
      "resolved": "https://registry.npmjs.org/react-router-dom/-/react-router-dom-5.1.2.tgz",
      "integrity": "sha512-7BPHAaIwWpZS074UKaw1FjVdZBSVWEk8IuDXdB+OkLb8vd/WRQIpA4ag9WQk61aEfQs47wHyjWUoUGGZxpQXew==",
      "requires": {
        "@babel/runtime": "^7.1.2",
        "history": "^4.9.0",
        "loose-envify": "^1.3.1",
        "prop-types": "^15.6.2",
        "react-router": "5.1.2",
        "tiny-invariant": "^1.0.2",
        "tiny-warning": "^1.0.0"
      }
    },
    "react-spring": {
      "version": "8.0.27",
      "resolved": "https://registry.npmjs.org/react-spring/-/react-spring-8.0.27.tgz",
      "integrity": "sha512-nDpWBe3ZVezukNRandTeLSPcwwTMjNVu1IDq9qA/AMiUqHuRN4BeSWvKr3eIxxg1vtiYiOLy4FqdfCP5IoP77g==",
      "requires": {
        "@babel/runtime": "^7.3.1",
        "prop-types": "^15.5.8"
      }
    },
    "regenerator-runtime": {
      "version": "0.13.3",
      "resolved": "https://registry.npmjs.org/regenerator-runtime/-/regenerator-runtime-0.13.3.tgz",
      "integrity": "sha512-naKIZz2GQ8JWh///G7L3X6LaQUAMp2lvb1rvwwsURe/VXwD6VMfr+/1NuNw3ag8v2kY1aQ/go5SNn79O9JU7yw=="
    },
    "resolve-pathname": {
      "version": "3.0.0",
      "resolved": "https://registry.npmjs.org/resolve-pathname/-/resolve-pathname-3.0.0.tgz",
      "integrity": "sha512-C7rARubxI8bXFNB/hqcp/4iUeIXJhJZvFPFPiSPRnhU5UPxzMFIl+2E6yY6c4k9giDJAhtV+enfA+G89N6Csng=="
    },
    "reusable": {
      "version": "1.0.0-alpha.12",
      "resolved": "https://registry.npmjs.org/reusable/-/reusable-1.0.0-alpha.12.tgz",
      "integrity": "sha512-r0pOVSKNOZ3Ana3royy6SAPa5iroQZMRyouiaRFCfDUBQSfzT+0YQAlSRmiHgSbXf9+sIy3V5cPYD7zRM3YQZA==",
      "requires": {
        "@babel/helper-module-imports": "^7.0.0",
        "@types/react": "^16.8.19",
        "babel-plugin-reusable": "^1.0.0-alpha.5"
      }
    },
    "scheduler": {
      "version": "0.17.0",
      "resolved": "https://registry.npmjs.org/scheduler/-/scheduler-0.17.0.tgz",
      "integrity": "sha512-7rro8Io3tnCPuY4la/NuI5F2yfESpnfZyT6TtkXnSWVkcu0BCDJ+8gk5ozUaFaxpIyNuWAPXrH0yFcSi28fnDA==",
      "requires": {
        "loose-envify": "^1.1.0",
        "object-assign": "^4.1.1"
      }
    },
    "tiny-invariant": {
      "version": "1.0.6",
      "resolved": "https://registry.npmjs.org/tiny-invariant/-/tiny-invariant-1.0.6.tgz",
      "integrity": "sha512-FOyLWWVjG+aC0UqG76V53yAWdXfH8bO6FNmyZOuUrzDzK8DI3/JRY25UD7+g49JWM1LXwymsKERB+DzI0dTEQA=="
    },
    "tiny-warning": {
      "version": "1.0.3",
      "resolved": "https://registry.npmjs.org/tiny-warning/-/tiny-warning-1.0.3.tgz",
      "integrity": "sha512-lBN9zLN/oAf68o3zNXYrdCt1kP8WsiGW8Oo2ka41b2IM5JL/S1CTyX1rW0mb/zSuJun0ZUrDxx4sqvYS2FWzPA=="
    },
    "to-fast-properties": {
      "version": "2.0.0",
      "resolved": "https://registry.npmjs.org/to-fast-properties/-/to-fast-properties-2.0.0.tgz",
      "integrity": "sha1-3F5pjL0HkmW8c+A3doGk5Og/YW4="
    },
    "value-equal": {
      "version": "1.0.1",
      "resolved": "https://registry.npmjs.org/value-equal/-/value-equal-1.0.1.tgz",
      "integrity": "sha512-NOJ6JZCAWr0zlxZt+xqCHNTEKOsrks2HQd4MqhP1qy4z1SkbEP467eNx6TgDKXMvUOb+OENfJCZwM+16n7fRfw=="
    },
    "victory": {
      "version": "33.1.2",
      "resolved": "https://registry.npmjs.org/victory/-/victory-33.1.2.tgz",
      "integrity": "sha512-Fl08yjwCWbK9TIcbL7IbfhyHSeQ3wo0ALkk4sfOz3CAyDL/RabvBZemHk+uLkFcske3gFkYig9ZKu8Xl6L1GOw==",
      "requires": {
        "victory-area": "^33.1.2",
        "victory-axis": "^33.1.2",
        "victory-bar": "^33.1.2",
        "victory-box-plot": "^33.1.2",
        "victory-brush-container": "^33.1.2",
        "victory-brush-line": "^33.1.2",
        "victory-candlestick": "^33.1.2",
        "victory-chart": "^33.1.2",
        "victory-core": "^33.1.2",
        "victory-create-container": "^33.1.2",
        "victory-cursor-container": "^33.1.2",
        "victory-errorbar": "^33.1.2",
        "victory-group": "^33.1.2",
        "victory-legend": "^33.1.2",
        "victory-line": "^33.1.2",
        "victory-pie": "^33.1.2",
        "victory-polar-axis": "^33.1.2",
        "victory-scatter": "^33.1.2",
        "victory-selection-container": "^33.1.2",
        "victory-shared-events": "^33.1.2",
        "victory-stack": "^33.1.2",
        "victory-tooltip": "^33.1.2",
        "victory-voronoi": "^33.1.2",
        "victory-voronoi-container": "^33.1.2",
        "victory-zoom-container": "^33.1.2"
      }
    },
    "victory-area": {
      "version": "33.1.2",
      "resolved": "https://registry.npmjs.org/victory-area/-/victory-area-33.1.2.tgz",
      "integrity": "sha512-ZHpeXI0cdK3gJRdKzBHDKxe37x6ljO8nThyGcKWrgErsz1rqaG9ZNTEHvTkQWeepwVh3UZa32N8RR/RBCQpztQ==",
      "requires": {
        "d3-shape": "^1.2.0",
        "lodash": "^4.17.15",
        "prop-types": "^15.5.8",
        "victory-core": "^33.1.2"
      }
    },
    "victory-axis": {
      "version": "33.1.2",
      "resolved": "https://registry.npmjs.org/victory-axis/-/victory-axis-33.1.2.tgz",
      "integrity": "sha512-j8wDlN/Nv/nGu+DneI/xtcnlRMHXche4PzObZg/CJ91aZaAyBgEpJPnLKXSanwFWgK6eSL1D4chI8fEOBVOOlw==",
      "requires": {
        "lodash": "^4.17.15",
        "prop-types": "^15.5.8",
        "victory-core": "^33.1.2"
      }
    },
    "victory-bar": {
      "version": "33.1.2",
      "resolved": "https://registry.npmjs.org/victory-bar/-/victory-bar-33.1.2.tgz",
      "integrity": "sha512-qSbFXSyioK6TautyhUb4QPOFDjwRO80M3CJKqE/wcRkt3cLykwQoPYYtjOqSIPlWZmBZa/JOBwxeXIsz6bhAzQ==",
      "requires": {
        "d3-shape": "^1.2.0",
        "lodash": "^4.17.15",
        "prop-types": "^15.5.8",
        "victory-core": "^33.1.2"
      }
    },
    "victory-box-plot": {
      "version": "33.1.2",
      "resolved": "https://registry.npmjs.org/victory-box-plot/-/victory-box-plot-33.1.2.tgz",
      "integrity": "sha512-pb1CayUXaGNeopkbw3t/yEPZxv4AJyKL0P+ja2QPXcOfL1ATjhHBLqogWyKGP0V+KurqXcni4oSTDc3yzEwsjA==",
      "requires": {
        "d3-array": "^1.2.0",
        "lodash": "^4.17.15",
        "prop-types": "^15.5.8",
        "victory-core": "^33.1.2"
      }
    },
    "victory-brush-container": {
      "version": "33.1.2",
      "resolved": "https://registry.npmjs.org/victory-brush-container/-/victory-brush-container-33.1.2.tgz",
      "integrity": "sha512-spYsIR7nBXXLb7TEq7/PUpiNbejkPZpuvkEzH1x3vEkbY6OX5tui10bPZdFSEgeB8qQv8J6tgRFfdZxp5+aMSQ==",
      "requires": {
        "lodash": "^4.17.15",
        "prop-types": "^15.5.8",
        "victory-core": "^33.1.2"
      }
    },
    "victory-brush-line": {
      "version": "33.1.2",
      "resolved": "https://registry.npmjs.org/victory-brush-line/-/victory-brush-line-33.1.2.tgz",
      "integrity": "sha512-qU+7UamqUqxl1OacWuhriiLRn5FDREO04HWp3Oixz9JqoIvpmjSc1mZcoJALYBHNZ0QIxkAhd1ZYol2cQrhnlQ==",
      "requires": {
        "lodash": "^4.17.15",
        "prop-types": "^15.5.8",
        "victory-core": "^33.1.2"
      }
    },
    "victory-candlestick": {
      "version": "33.1.2",
      "resolved": "https://registry.npmjs.org/victory-candlestick/-/victory-candlestick-33.1.2.tgz",
      "integrity": "sha512-UaQ+bG3tXLrbdBjwhXvUOcgiYJhOkLh0JLFusSkJ0yCnSvvEaxI2LRaLHPOThK98CPvqvdrOnZ4teVUtQtL9IA==",
      "requires": {
        "lodash": "^4.17.15",
        "prop-types": "^15.5.8",
        "victory-core": "^33.1.2"
      }
    },
    "victory-chart": {
      "version": "33.1.2",
      "resolved": "https://registry.npmjs.org/victory-chart/-/victory-chart-33.1.2.tgz",
      "integrity": "sha512-4wJh+os9hRGX8BR3Vz/ip1r3EjCv8ricixK6o14nslONUH7zTTB1ze9lAPDCFKnWfDDOJlYCCJaeQWYbMcu8Dg==",
      "requires": {
        "lodash": "^4.17.15",
        "prop-types": "^15.5.8",
        "react-fast-compare": "^2.0.0",
        "victory-axis": "^33.1.2",
        "victory-core": "^33.1.2",
        "victory-polar-axis": "^33.1.2",
        "victory-shared-events": "^33.1.2"
      }
    },
    "victory-core": {
      "version": "33.1.2",
      "resolved": "https://registry.npmjs.org/victory-core/-/victory-core-33.1.2.tgz",
      "integrity": "sha512-7IONalf4b4MSGJRaHiTBFcrt9exOnky0y+LvU04eddX1sYuqSSCtRGGC+HT9k9bNh56PPpgVT6GPbwWIz2RFCQ==",
      "requires": {
        "d3-ease": "^1.0.0",
        "d3-interpolate": "^1.1.1",
        "d3-scale": "^1.0.0",
        "d3-shape": "^1.2.0",
        "d3-timer": "^1.0.0",
        "lodash": "^4.17.15",
        "prop-types": "^15.5.8",
        "react-fast-compare": "^2.0.0"
      }
    },
    "victory-create-container": {
      "version": "33.1.2",
      "resolved": "https://registry.npmjs.org/victory-create-container/-/victory-create-container-33.1.2.tgz",
      "integrity": "sha512-HiZfU8vDSYASB6mngHIz/QE9dXhTI64tvQZnUfuK76Uq/66J+hwxGOh56efnBWmJJRGWq2EWgSz9yNSzXsOq6Q==",
      "requires": {
        "lodash": "^4.17.15",
        "victory-brush-container": "^33.1.2",
        "victory-core": "^33.1.2",
        "victory-cursor-container": "^33.1.2",
        "victory-selection-container": "^33.1.2",
        "victory-voronoi-container": "^33.1.2",
        "victory-zoom-container": "^33.1.2"
      }
    },
    "victory-cursor-container": {
      "version": "33.1.2",
      "resolved": "https://registry.npmjs.org/victory-cursor-container/-/victory-cursor-container-33.1.2.tgz",
      "integrity": "sha512-+rUem56YVdAX/JEUpLh6MtfHtTMVQbiiQXceDJPbghB0tNu9nqIlfh+eelSvdvP2C3nB3bAGcjJqdbgnV00fhg==",
      "requires": {
        "lodash": "^4.17.15",
        "prop-types": "^15.5.8",
        "victory-core": "^33.1.2"
      }
    },
    "victory-errorbar": {
      "version": "33.1.2",
      "resolved": "https://registry.npmjs.org/victory-errorbar/-/victory-errorbar-33.1.2.tgz",
      "integrity": "sha512-Qf8EQAJAT9FB91woMKdgj3uzMu+SYQVcc/JGboB77awqg36cJHqqL3hsnsrPJb9TH6EMLyQIWlk/xsIkGgF8ow==",
      "requires": {
        "lodash": "^4.17.15",
        "prop-types": "^15.5.8",
        "victory-core": "^33.1.2"
      }
    },
    "victory-group": {
      "version": "33.1.2",
      "resolved": "https://registry.npmjs.org/victory-group/-/victory-group-33.1.2.tgz",
      "integrity": "sha512-BX4Gjw0zbm2RmgQNXo464Dr16tPWGKDJSwKoBczx3kKOaty7rJDdFWcYtoCJ2UXab9zNdVX0ouXevNyzYpSPqA==",
      "requires": {
        "lodash": "^4.17.15",
        "prop-types": "^15.5.8",
        "react-fast-compare": "^2.0.0",
        "victory-core": "^33.1.2"
      }
    },
    "victory-legend": {
      "version": "33.1.2",
      "resolved": "https://registry.npmjs.org/victory-legend/-/victory-legend-33.1.2.tgz",
      "integrity": "sha512-au9IYRQOuRJqeHOTUelg8IoxdL4Uogy6PvlR5ecKj9t5NvgculI+deqKxvJhpfqlb78q8TYYYcADGZAfn0pAug==",
      "requires": {
        "lodash": "^4.17.15",
        "prop-types": "^15.5.8",
        "victory-core": "^33.1.2"
      }
    },
    "victory-line": {
      "version": "33.1.2",
      "resolved": "https://registry.npmjs.org/victory-line/-/victory-line-33.1.2.tgz",
      "integrity": "sha512-QsGX5edI7oPOfSqi98JgykgoDuKIWUiG8d9okx+Sj8QRuPSmRtxZ2f3n/N4K1lP5MoQRAEJFCqEAjfJLiuGEfg==",
      "requires": {
        "d3-shape": "^1.2.0",
        "lodash": "^4.17.15",
        "prop-types": "^15.5.8",
        "victory-core": "^33.1.2"
      }
    },
    "victory-pie": {
      "version": "33.1.2",
      "resolved": "https://registry.npmjs.org/victory-pie/-/victory-pie-33.1.2.tgz",
      "integrity": "sha512-ZCHqG1N8htc2x4i2AnRn6cfcs0+u/E+mk+dCFgRS85x/iwIZlqdPKKcC51kIJ6LTrcNuzKhMqcawx+OpFm+//Q==",
      "requires": {
        "d3-shape": "^1.0.0",
        "lodash": "^4.17.15",
        "prop-types": "^15.5.8",
        "victory-core": "^33.1.2"
      }
    },
    "victory-polar-axis": {
      "version": "33.1.2",
      "resolved": "https://registry.npmjs.org/victory-polar-axis/-/victory-polar-axis-33.1.2.tgz",
      "integrity": "sha512-Nkl3n8WB1nSS8AFsxdRXlATfMpJsPNlS01xhOA2m/MstSHHErOC9tSj/GtXviV5+n8Dg0AA9srpStNa7z/Rx6g==",
      "requires": {
        "lodash": "^4.17.15",
        "prop-types": "^15.5.8",
        "victory-core": "^33.1.2"
      }
    },
    "victory-scatter": {
      "version": "33.1.2",
      "resolved": "https://registry.npmjs.org/victory-scatter/-/victory-scatter-33.1.2.tgz",
      "integrity": "sha512-wT6dLdoUWaM7wSWOmMKpJi12dRAjqvQn1iOvVpmngK0DqVxwbXeK0fJqvDqRs2RIScqJgx2UvZ+sIiMijlb8og==",
      "requires": {
        "lodash": "^4.17.15",
        "prop-types": "^15.5.8",
        "victory-core": "^33.1.2"
      }
    },
    "victory-selection-container": {
      "version": "33.1.2",
      "resolved": "https://registry.npmjs.org/victory-selection-container/-/victory-selection-container-33.1.2.tgz",
      "integrity": "sha512-KR/c3Ij4W+JUiYA67t6wj4T3tnF8UK8373dPnAihNOliKB6d4CSX4JmgCEs6UySrJBTCciYcZ88rZVSpI7QIrA==",
      "requires": {
        "lodash": "^4.17.15",
        "prop-types": "^15.5.8",
        "victory-core": "^33.1.2"
      }
    },
    "victory-shared-events": {
      "version": "33.1.2",
      "resolved": "https://registry.npmjs.org/victory-shared-events/-/victory-shared-events-33.1.2.tgz",
      "integrity": "sha512-TNnLZ0uY7tbZm56uDee0TA+501aTeikpuBKTx/vpfT6ifFwiYfQ9n5Orx3aVmJvkinmLaifqnxWA9UwAwuIL7w==",
      "requires": {
        "lodash": "^4.17.15",
        "prop-types": "^15.5.8",
        "react-fast-compare": "^2.0.0",
        "victory-core": "^33.1.2"
      }
    },
    "victory-stack": {
      "version": "33.1.2",
      "resolved": "https://registry.npmjs.org/victory-stack/-/victory-stack-33.1.2.tgz",
      "integrity": "sha512-4eOvyPx0EpmZGuwbtc+XlWuuM8CSC4RAiEsAcDuqNPmWPJShuuB9ABBHV04yVGF9Ub80d+kTowuQJD5PsxtRyA==",
      "requires": {
        "lodash": "^4.17.15",
        "prop-types": "^15.5.8",
        "react-fast-compare": "^2.0.0",
        "victory-core": "^33.1.2"
      }
    },
    "victory-tooltip": {
      "version": "33.1.2",
      "resolved": "https://registry.npmjs.org/victory-tooltip/-/victory-tooltip-33.1.2.tgz",
      "integrity": "sha512-iFxQfsF2hwJR2ZnhNmkiBKfLlfyIcpSfn2x+vZlxA144BGTmvfrC05Pn17erZnAT50AiVf0aW5YJNKLv06MWaA==",
      "requires": {
        "lodash": "^4.17.15",
        "prop-types": "^15.5.8",
        "victory-core": "^33.1.2"
      }
    },
    "victory-voronoi": {
      "version": "33.1.2",
      "resolved": "https://registry.npmjs.org/victory-voronoi/-/victory-voronoi-33.1.2.tgz",
      "integrity": "sha512-oLoicPWgGHxEHAtCjzNQsN/fILmXV/6QBlJoCN04TzLyA063xvy2E+n6yuAtGHEkrpVCG7VTB/T5cJN7MCOyIQ==",
      "requires": {
        "d3-voronoi": "^1.1.2",
        "lodash": "^4.17.15",
        "prop-types": "^15.5.8",
        "victory-core": "^33.1.2"
      }
    },
    "victory-voronoi-container": {
      "version": "33.1.2",
      "resolved": "https://registry.npmjs.org/victory-voronoi-container/-/victory-voronoi-container-33.1.2.tgz",
      "integrity": "sha512-ydsWYLGi9dSVbr+/5v1E6NvuV9C2OvdqTvHuH5r6BthSqFu0u+6bbv4QIbJY9sWc2L1zhknZByikV1ty9bGIfA==",
      "requires": {
        "delaunay-find": "0.0.5",
        "lodash": "^4.17.15",
        "prop-types": "^15.5.8",
        "victory-core": "^33.1.2",
        "victory-tooltip": "^33.1.2"
      }
    },
    "victory-zoom-container": {
      "version": "33.1.2",
      "resolved": "https://registry.npmjs.org/victory-zoom-container/-/victory-zoom-container-33.1.2.tgz",
      "integrity": "sha512-hNvBg/N64BhSTJunonuoiH38eKtgxJiobbcNPFM2BPiuKJAr7a8SKSngFgECrwTQQVgt2sC7qVX/+WYwrJCpYA==",
      "requires": {
        "lodash": "^4.17.15",
        "prop-types": "^15.5.8",
        "victory-core": "^33.1.2"
      }
    }
  }
}
